// !$*UTF8*$!
{
	archiveVersion = 1;
	classes = {
	};
	objectVersion = 56;
	objects = {

/* Begin PBXBuildFile section */
		80F44C132B2DD170006C7BDB /* AppDelegate.swift in Sources */ = {isa = PBXBuildFile; fileRef = 80F44C122B2DD170006C7BDB /* AppDelegate.swift */; };
		80F44C1D2B2DD170006C7BDB /* NearBy.xcdatamodeld in Sources */ = {isa = PBXBuildFile; fileRef = 80F44C1B2B2DD170006C7BDB /* NearBy.xcdatamodeld */; };
		80F44C1F2B2DD171006C7BDB /* Assets.xcassets in Resources */ = {isa = PBXBuildFile; fileRef = 80F44C1E2B2DD171006C7BDB /* Assets.xcassets */; };
		80F44C222B2DD171006C7BDB /* LaunchScreen.storyboard in Resources */ = {isa = PBXBuildFile; fileRef = 80F44C202B2DD171006C7BDB /* LaunchScreen.storyboard */; };
		80F44C2D2B2DD171006C7BDB /* NearByTests.swift in Sources */ = {isa = PBXBuildFile; fileRef = 80F44C2C2B2DD171006C7BDB /* NearByTests.swift */; };
		80F44C372B2DD171006C7BDB /* NearByUITests.swift in Sources */ = {isa = PBXBuildFile; fileRef = 80F44C362B2DD171006C7BDB /* NearByUITests.swift */; };
		80F44C392B2DD171006C7BDB /* NearByUITestsLaunchTests.swift in Sources */ = {isa = PBXBuildFile; fileRef = 80F44C382B2DD171006C7BDB /* NearByUITestsLaunchTests.swift */; };
		80F44C4B2B2DD3BF006C7BDB /* NearByFeatureCoordinator.swift in Sources */ = {isa = PBXBuildFile; fileRef = 80F44C4A2B2DD3BF006C7BDB /* NearByFeatureCoordinator.swift */; };
		80F44C4E2B2DD3F3006C7BDB /* LandingViewController.swift in Sources */ = {isa = PBXBuildFile; fileRef = 80F44C4D2B2DD3F3006C7BDB /* LandingViewController.swift */; };
		80F44C502B2DD401006C7BDB /* LandingViewModel.swift in Sources */ = {isa = PBXBuildFile; fileRef = 80F44C4F2B2DD401006C7BDB /* LandingViewModel.swift */; };
		80F44C522B2DD410006C7BDB /* LandingViewBuilder.swift in Sources */ = {isa = PBXBuildFile; fileRef = 80F44C512B2DD410006C7BDB /* LandingViewBuilder.swift */; };
		80F44C582B2DD4E1006C7BDB /* NearbyPlacesRepository.swift in Sources */ = {isa = PBXBuildFile; fileRef = 80F44C572B2DD4E1006C7BDB /* NearbyPlacesRepository.swift */; };
		80F44C5A2B2DD805006C7BDB /* NearByAppNetworkService.swift in Sources */ = {isa = PBXBuildFile; fileRef = 80F44C592B2DD805006C7BDB /* NearByAppNetworkService.swift */; };
		80F44C5C2B2DD9E8006C7BDB /* String+Extensions.swift in Sources */ = {isa = PBXBuildFile; fileRef = 80F44C5B2B2DD9E8006C7BDB /* String+Extensions.swift */; };
		80F44C5F2B2DDF06006C7BDB /* NearByPlaceVenue.swift in Sources */ = {isa = PBXBuildFile; fileRef = 80F44C5E2B2DDF06006C7BDB /* NearByPlaceVenue.swift */; };
		80F44C612B2DDFBB006C7BDB /* NearByAppNetworkResponseModels.swift in Sources */ = {isa = PBXBuildFile; fileRef = 80F44C602B2DDFBB006C7BDB /* NearByAppNetworkResponseModels.swift */; };
/* End PBXBuildFile section */

/* Begin PBXContainerItemProxy section */
		80F44C292B2DD171006C7BDB /* PBXContainerItemProxy */ = {
			isa = PBXContainerItemProxy;
			containerPortal = 80F44C072B2DD170006C7BDB /* Project object */;
			proxyType = 1;
			remoteGlobalIDString = 80F44C0E2B2DD170006C7BDB;
			remoteInfo = NearBy;
		};
		80F44C332B2DD171006C7BDB /* PBXContainerItemProxy */ = {
			isa = PBXContainerItemProxy;
			containerPortal = 80F44C072B2DD170006C7BDB /* Project object */;
			proxyType = 1;
			remoteGlobalIDString = 80F44C0E2B2DD170006C7BDB;
			remoteInfo = NearBy;
		};
/* End PBXContainerItemProxy section */

/* Begin PBXFileReference section */
		80F44C0F2B2DD170006C7BDB /* NearBy.app */ = {isa = PBXFileReference; explicitFileType = wrapper.application; includeInIndex = 0; path = NearBy.app; sourceTree = BUILT_PRODUCTS_DIR; };
		80F44C122B2DD170006C7BDB /* AppDelegate.swift */ = {isa = PBXFileReference; lastKnownFileType = sourcecode.swift; path = AppDelegate.swift; sourceTree = "<group>"; };
		80F44C1C2B2DD170006C7BDB /* NearBy.xcdatamodel */ = {isa = PBXFileReference; lastKnownFileType = wrapper.xcdatamodel; path = NearBy.xcdatamodel; sourceTree = "<group>"; };
		80F44C1E2B2DD171006C7BDB /* Assets.xcassets */ = {isa = PBXFileReference; lastKnownFileType = folder.assetcatalog; path = Assets.xcassets; sourceTree = "<group>"; };
		80F44C212B2DD171006C7BDB /* Base */ = {isa = PBXFileReference; lastKnownFileType = file.storyboard; name = Base; path = Base.lproj/LaunchScreen.storyboard; sourceTree = "<group>"; };
		80F44C232B2DD171006C7BDB /* Info.plist */ = {isa = PBXFileReference; lastKnownFileType = text.plist.xml; path = Info.plist; sourceTree = "<group>"; };
		80F44C282B2DD171006C7BDB /* NearByTests.xctest */ = {isa = PBXFileReference; explicitFileType = wrapper.cfbundle; includeInIndex = 0; path = NearByTests.xctest; sourceTree = BUILT_PRODUCTS_DIR; };
		80F44C2C2B2DD171006C7BDB /* NearByTests.swift */ = {isa = PBXFileReference; lastKnownFileType = sourcecode.swift; path = NearByTests.swift; sourceTree = "<group>"; };
		80F44C322B2DD171006C7BDB /* NearByUITests.xctest */ = {isa = PBXFileReference; explicitFileType = wrapper.cfbundle; includeInIndex = 0; path = NearByUITests.xctest; sourceTree = BUILT_PRODUCTS_DIR; };
		80F44C362B2DD171006C7BDB /* NearByUITests.swift */ = {isa = PBXFileReference; lastKnownFileType = sourcecode.swift; path = NearByUITests.swift; sourceTree = "<group>"; };
		80F44C382B2DD171006C7BDB /* NearByUITestsLaunchTests.swift */ = {isa = PBXFileReference; lastKnownFileType = sourcecode.swift; path = NearByUITestsLaunchTests.swift; sourceTree = "<group>"; };
		80F44C4A2B2DD3BF006C7BDB /* NearByFeatureCoordinator.swift */ = {isa = PBXFileReference; lastKnownFileType = sourcecode.swift; path = NearByFeatureCoordinator.swift; sourceTree = "<group>"; };
		80F44C4D2B2DD3F3006C7BDB /* LandingViewController.swift */ = {isa = PBXFileReference; lastKnownFileType = sourcecode.swift; path = LandingViewController.swift; sourceTree = "<group>"; };
		80F44C4F2B2DD401006C7BDB /* LandingViewModel.swift */ = {isa = PBXFileReference; lastKnownFileType = sourcecode.swift; path = LandingViewModel.swift; sourceTree = "<group>"; };
		80F44C512B2DD410006C7BDB /* LandingViewBuilder.swift */ = {isa = PBXFileReference; lastKnownFileType = sourcecode.swift; path = LandingViewBuilder.swift; sourceTree = "<group>"; };
		80F44C572B2DD4E1006C7BDB /* NearbyPlacesRepository.swift */ = {isa = PBXFileReference; lastKnownFileType = sourcecode.swift; path = NearbyPlacesRepository.swift; sourceTree = "<group>"; };
		80F44C592B2DD805006C7BDB /* NearByAppNetworkService.swift */ = {isa = PBXFileReference; lastKnownFileType = sourcecode.swift; path = NearByAppNetworkService.swift; sourceTree = "<group>"; };
		80F44C5B2B2DD9E8006C7BDB /* String+Extensions.swift */ = {isa = PBXFileReference; lastKnownFileType = sourcecode.swift; path = "String+Extensions.swift"; sourceTree = "<group>"; };
		80F44C5E2B2DDF06006C7BDB /* NearByPlaceVenue.swift */ = {isa = PBXFileReference; lastKnownFileType = sourcecode.swift; path = NearByPlaceVenue.swift; sourceTree = "<group>"; };
		80F44C602B2DDFBB006C7BDB /* NearByAppNetworkResponseModels.swift */ = {isa = PBXFileReference; lastKnownFileType = sourcecode.swift; path = NearByAppNetworkResponseModels.swift; sourceTree = "<group>"; };
/* End PBXFileReference section */

/* Begin PBXFrameworksBuildPhase section */
		80F44C0C2B2DD170006C7BDB /* Frameworks */ = {
			isa = PBXFrameworksBuildPhase;
			buildActionMask = 2147483647;
			files = (
			);
			runOnlyForDeploymentPostprocessing = 0;
		};
		80F44C252B2DD171006C7BDB /* Frameworks */ = {
			isa = PBXFrameworksBuildPhase;
			buildActionMask = 2147483647;
			files = (
			);
			runOnlyForDeploymentPostprocessing = 0;
		};
		80F44C2F2B2DD171006C7BDB /* Frameworks */ = {
			isa = PBXFrameworksBuildPhase;
			buildActionMask = 2147483647;
			files = (
			);
			runOnlyForDeploymentPostprocessing = 0;
		};
/* End PBXFrameworksBuildPhase section */

/* Begin PBXGroup section */
		80F44C062B2DD170006C7BDB = {
			isa = PBXGroup;
			children = (
				80F44C112B2DD170006C7BDB /* NearBy */,
				80F44C2B2B2DD171006C7BDB /* NearByTests */,
				80F44C352B2DD171006C7BDB /* NearByUITests */,
				80F44C102B2DD170006C7BDB /* Products */,
			);
			sourceTree = "<group>";
		};
		80F44C102B2DD170006C7BDB /* Products */ = {
			isa = PBXGroup;
			children = (
				80F44C0F2B2DD170006C7BDB /* NearBy.app */,
				80F44C282B2DD171006C7BDB /* NearByTests.xctest */,
				80F44C322B2DD171006C7BDB /* NearByUITests.xctest */,
			);
			name = Products;
			sourceTree = "<group>";
		};
		80F44C112B2DD170006C7BDB /* NearBy */ = {
			isa = PBXGroup;
			children = (
				80F44C562B2DD4C0006C7BDB /* Repository */,
				80F44C552B2DD495006C7BDB /* Utilities */,
				80F44C472B2DD38D006C7BDB /* Features */,
				80F44C122B2DD170006C7BDB /* AppDelegate.swift */,
				80F44C1E2B2DD171006C7BDB /* Assets.xcassets */,
				80F44C202B2DD171006C7BDB /* LaunchScreen.storyboard */,
				80F44C232B2DD171006C7BDB /* Info.plist */,
				80F44C1B2B2DD170006C7BDB /* NearBy.xcdatamodeld */,
			);
			path = NearBy;
			sourceTree = "<group>";
		};
		80F44C2B2B2DD171006C7BDB /* NearByTests */ = {
			isa = PBXGroup;
			children = (
				80F44C2C2B2DD171006C7BDB /* NearByTests.swift */,
			);
			path = NearByTests;
			sourceTree = "<group>";
		};
		80F44C352B2DD171006C7BDB /* NearByUITests */ = {
			isa = PBXGroup;
			children = (
				80F44C362B2DD171006C7BDB /* NearByUITests.swift */,
				80F44C382B2DD171006C7BDB /* NearByUITestsLaunchTests.swift */,
			);
			path = NearByUITests;
			sourceTree = "<group>";
		};
		80F44C472B2DD38D006C7BDB /* Features */ = {
			isa = PBXGroup;
			children = (
				80F44C482B2DD396006C7BDB /* NearbySearchResults */,
			);
			path = Features;
			sourceTree = "<group>";
		};
		80F44C482B2DD396006C7BDB /* NearbySearchResults */ = {
			isa = PBXGroup;
			children = (
				80F44C4C2B2DD3D0006C7BDB /* Coordinator */,
				80F44C492B2DD3A0006C7BDB /* Landing */,
			);
			path = NearbySearchResults;
			sourceTree = "<group>";
		};
		80F44C492B2DD3A0006C7BDB /* Landing */ = {
			isa = PBXGroup;
			children = (
				80F44C4D2B2DD3F3006C7BDB /* LandingViewController.swift */,
				80F44C4F2B2DD401006C7BDB /* LandingViewModel.swift */,
				80F44C512B2DD410006C7BDB /* LandingViewBuilder.swift */,
			);
			path = Landing;
			sourceTree = "<group>";
		};
		80F44C4C2B2DD3D0006C7BDB /* Coordinator */ = {
			isa = PBXGroup;
			children = (
				80F44C4A2B2DD3BF006C7BDB /* NearByFeatureCoordinator.swift */,
			);
			path = Coordinator;
			sourceTree = "<group>";
		};
		80F44C532B2DD481006C7BDB /* NetworkService */ = {
			isa = PBXGroup;
			children = (
				80F44C592B2DD805006C7BDB /* NearByAppNetworkService.swift */,
				80F44C602B2DDFBB006C7BDB /* NearByAppNetworkResponseModels.swift */,
			);
			path = NetworkService;
			sourceTree = "<group>";
		};
		80F44C542B2DD48A006C7BDB /* DBService */ = {
			isa = PBXGroup;
			children = (
			);
			path = DBService;
			sourceTree = "<group>";
		};
		80F44C552B2DD495006C7BDB /* Utilities */ = {
			isa = PBXGroup;
			children = (
				80F44C5B2B2DD9E8006C7BDB /* String+Extensions.swift */,
			);
			path = Utilities;
			sourceTree = "<group>";
		};
		80F44C562B2DD4C0006C7BDB /* Repository */ = {
			isa = PBXGroup;
			children = (
				80F44C5D2B2DDEF0006C7BDB /* Models */,
				80F44C532B2DD481006C7BDB /* NetworkService */,
				80F44C542B2DD48A006C7BDB /* DBService */,
				80F44C572B2DD4E1006C7BDB /* NearbyPlacesRepository.swift */,
			);
			path = Repository;
			sourceTree = "<group>";
		};
		80F44C5D2B2DDEF0006C7BDB /* Models */ = {
			isa = PBXGroup;
			children = (
				80F44C5E2B2DDF06006C7BDB /* NearByPlaceVenue.swift */,
			);
			path = Models;
			sourceTree = "<group>";
		};
/* End PBXGroup section */

/* Begin PBXNativeTarget section */
		80F44C0E2B2DD170006C7BDB /* NearBy */ = {
			isa = PBXNativeTarget;
			buildConfigurationList = 80F44C3C2B2DD171006C7BDB /* Build configuration list for PBXNativeTarget "NearBy" */;
			buildPhases = (
				80F44C0B2B2DD170006C7BDB /* Sources */,
				80F44C0C2B2DD170006C7BDB /* Frameworks */,
				80F44C0D2B2DD170006C7BDB /* Resources */,
			);
			buildRules = (
			);
			dependencies = (
			);
			name = NearBy;
			productName = NearBy;
			productReference = 80F44C0F2B2DD170006C7BDB /* NearBy.app */;
			productType = "com.apple.product-type.application";
		};
		80F44C272B2DD171006C7BDB /* NearByTests */ = {
			isa = PBXNativeTarget;
			buildConfigurationList = 80F44C3F2B2DD171006C7BDB /* Build configuration list for PBXNativeTarget "NearByTests" */;
			buildPhases = (
				80F44C242B2DD171006C7BDB /* Sources */,
				80F44C252B2DD171006C7BDB /* Frameworks */,
				80F44C262B2DD171006C7BDB /* Resources */,
			);
			buildRules = (
			);
			dependencies = (
				80F44C2A2B2DD171006C7BDB /* PBXTargetDependency */,
			);
			name = NearByTests;
			productName = NearByTests;
			productReference = 80F44C282B2DD171006C7BDB /* NearByTests.xctest */;
			productType = "com.apple.product-type.bundle.unit-test";
		};
		80F44C312B2DD171006C7BDB /* NearByUITests */ = {
			isa = PBXNativeTarget;
			buildConfigurationList = 80F44C422B2DD171006C7BDB /* Build configuration list for PBXNativeTarget "NearByUITests" */;
			buildPhases = (
				80F44C2E2B2DD171006C7BDB /* Sources */,
				80F44C2F2B2DD171006C7BDB /* Frameworks */,
				80F44C302B2DD171006C7BDB /* Resources */,
			);
			buildRules = (
			);
			dependencies = (
				80F44C342B2DD171006C7BDB /* PBXTargetDependency */,
			);
			name = NearByUITests;
			productName = NearByUITests;
			productReference = 80F44C322B2DD171006C7BDB /* NearByUITests.xctest */;
			productType = "com.apple.product-type.bundle.ui-testing";
		};
/* End PBXNativeTarget section */

/* Begin PBXProject section */
		80F44C072B2DD170006C7BDB /* Project object */ = {
			isa = PBXProject;
			attributes = {
				BuildIndependentTargetsInParallel = 1;
				LastSwiftUpdateCheck = 1420;
				LastUpgradeCheck = 1420;
				TargetAttributes = {
					80F44C0E2B2DD170006C7BDB = {
						CreatedOnToolsVersion = 14.2;
					};
					80F44C272B2DD171006C7BDB = {
						CreatedOnToolsVersion = 14.2;
						TestTargetID = 80F44C0E2B2DD170006C7BDB;
					};
					80F44C312B2DD171006C7BDB = {
						CreatedOnToolsVersion = 14.2;
						TestTargetID = 80F44C0E2B2DD170006C7BDB;
					};
				};
			};
			buildConfigurationList = 80F44C0A2B2DD170006C7BDB /* Build configuration list for PBXProject "NearBy" */;
			compatibilityVersion = "Xcode 14.0";
			developmentRegion = en;
			hasScannedForEncodings = 0;
			knownRegions = (
				en,
				Base,
			);
			mainGroup = 80F44C062B2DD170006C7BDB;
			productRefGroup = 80F44C102B2DD170006C7BDB /* Products */;
			projectDirPath = "";
			projectRoot = "";
			targets = (
				80F44C0E2B2DD170006C7BDB /* NearBy */,
				80F44C272B2DD171006C7BDB /* NearByTests */,
				80F44C312B2DD171006C7BDB /* NearByUITests */,
			);
		};
/* End PBXProject section */

/* Begin PBXResourcesBuildPhase section */
		80F44C0D2B2DD170006C7BDB /* Resources */ = {
			isa = PBXResourcesBuildPhase;
			buildActionMask = 2147483647;
			files = (
				80F44C222B2DD171006C7BDB /* LaunchScreen.storyboard in Resources */,
				80F44C1F2B2DD171006C7BDB /* Assets.xcassets in Resources */,
			);
			runOnlyForDeploymentPostprocessing = 0;
		};
		80F44C262B2DD171006C7BDB /* Resources */ = {
			isa = PBXResourcesBuildPhase;
			buildActionMask = 2147483647;
			files = (
			);
			runOnlyForDeploymentPostprocessing = 0;
		};
		80F44C302B2DD171006C7BDB /* Resources */ = {
			isa = PBXResourcesBuildPhase;
			buildActionMask = 2147483647;
			files = (
			);
			runOnlyForDeploymentPostprocessing = 0;
		};
/* End PBXResourcesBuildPhase section */

/* Begin PBXSourcesBuildPhase section */
		80F44C0B2B2DD170006C7BDB /* Sources */ = {
			isa = PBXSourcesBuildPhase;
			buildActionMask = 2147483647;
			files = (
				80F44C1D2B2DD170006C7BDB /* NearBy.xcdatamodeld in Sources */,
				80F44C502B2DD401006C7BDB /* LandingViewModel.swift in Sources */,
				80F44C582B2DD4E1006C7BDB /* NearbyPlacesRepository.swift in Sources */,
				80F44C132B2DD170006C7BDB /* AppDelegate.swift in Sources */,
				80F44C5F2B2DDF06006C7BDB /* NearByPlaceVenue.swift in Sources */,
				80F44C5C2B2DD9E8006C7BDB /* String+Extensions.swift in Sources */,
				80F44C4E2B2DD3F3006C7BDB /* LandingViewController.swift in Sources */,
				80F44C5A2B2DD805006C7BDB /* NearByAppNetworkService.swift in Sources */,
				80F44C522B2DD410006C7BDB /* LandingViewBuilder.swift in Sources */,
				80F44C4B2B2DD3BF006C7BDB /* NearByFeatureCoordinator.swift in Sources */,
				80F44C612B2DDFBB006C7BDB /* NearByAppNetworkResponseModels.swift in Sources */,
			);
			runOnlyForDeploymentPostprocessing = 0;
		};
		80F44C242B2DD171006C7BDB /* Sources */ = {
			isa = PBXSourcesBuildPhase;
			buildActionMask = 2147483647;
			files = (
				80F44C2D2B2DD171006C7BDB /* NearByTests.swift in Sources */,
			);
			runOnlyForDeploymentPostprocessing = 0;
		};
		80F44C2E2B2DD171006C7BDB /* Sources */ = {
			isa = PBXSourcesBuildPhase;
			buildActionMask = 2147483647;
			files = (
				80F44C372B2DD171006C7BDB /* NearByUITests.swift in Sources */,
				80F44C392B2DD171006C7BDB /* NearByUITestsLaunchTests.swift in Sources */,
			);
			runOnlyForDeploymentPostprocessing = 0;
		};
/* End PBXSourcesBuildPhase section */

/* Begin PBXTargetDependency section */
		80F44C2A2B2DD171006C7BDB /* PBXTargetDependency */ = {
			isa = PBXTargetDependency;
			target = 80F44C0E2B2DD170006C7BDB /* NearBy */;
			targetProxy = 80F44C292B2DD171006C7BDB /* PBXContainerItemProxy */;
		};
		80F44C342B2DD171006C7BDB /* PBXTargetDependency */ = {
			isa = PBXTargetDependency;
			target = 80F44C0E2B2DD170006C7BDB /* NearBy */;
			targetProxy = 80F44C332B2DD171006C7BDB /* PBXContainerItemProxy */;
		};
/* End PBXTargetDependency section */

/* Begin PBXVariantGroup section */
		80F44C202B2DD171006C7BDB /* LaunchScreen.storyboard */ = {
			isa = PBXVariantGroup;
			children = (
				80F44C212B2DD171006C7BDB /* Base */,
			);
			name = LaunchScreen.storyboard;
			sourceTree = "<group>";
		};
/* End PBXVariantGroup section */

/* Begin XCBuildConfiguration section */
		80F44C3A2B2DD171006C7BDB /* Debug */ = {
			isa = XCBuildConfiguration;
			buildSettings = {
				ALWAYS_SEARCH_USER_PATHS = NO;
				CLANG_ANALYZER_NONNULL = YES;
				CLANG_ANALYZER_NUMBER_OBJECT_CONVERSION = YES_AGGRESSIVE;
				CLANG_CXX_LANGUAGE_STANDARD = "gnu++20";
				CLANG_ENABLE_MODULES = YES;
				CLANG_ENABLE_OBJC_ARC = YES;
				CLANG_ENABLE_OBJC_WEAK = YES;
				CLANG_WARN_BLOCK_CAPTURE_AUTORELEASING = YES;
				CLANG_WARN_BOOL_CONVERSION = YES;
				CLANG_WARN_COMMA = YES;
				CLANG_WARN_CONSTANT_CONVERSION = YES;
				CLANG_WARN_DEPRECATED_OBJC_IMPLEMENTATIONS = YES;
				CLANG_WARN_DIRECT_OBJC_ISA_USAGE = YES_ERROR;
				CLANG_WARN_DOCUMENTATION_COMMENTS = YES;
				CLANG_WARN_EMPTY_BODY = YES;
				CLANG_WARN_ENUM_CONVERSION = YES;
				CLANG_WARN_INFINITE_RECURSION = YES;
				CLANG_WARN_INT_CONVERSION = YES;
				CLANG_WARN_NON_LITERAL_NULL_CONVERSION = YES;
				CLANG_WARN_OBJC_IMPLICIT_RETAIN_SELF = YES;
				CLANG_WARN_OBJC_LITERAL_CONVERSION = YES;
				CLANG_WARN_OBJC_ROOT_CLASS = YES_ERROR;
				CLANG_WARN_QUOTED_INCLUDE_IN_FRAMEWORK_HEADER = YES;
				CLANG_WARN_RANGE_LOOP_ANALYSIS = YES;
				CLANG_WARN_STRICT_PROTOTYPES = YES;
				CLANG_WARN_SUSPICIOUS_MOVE = YES;
				CLANG_WARN_UNGUARDED_AVAILABILITY = YES_AGGRESSIVE;
				CLANG_WARN_UNREACHABLE_CODE = YES;
				CLANG_WARN__DUPLICATE_METHOD_MATCH = YES;
				COPY_PHASE_STRIP = NO;
				DEBUG_INFORMATION_FORMAT = dwarf;
				ENABLE_STRICT_OBJC_MSGSEND = YES;
				ENABLE_TESTABILITY = YES;
				GCC_C_LANGUAGE_STANDARD = gnu11;
				GCC_DYNAMIC_NO_PIC = NO;
				GCC_NO_COMMON_BLOCKS = YES;
				GCC_OPTIMIZATION_LEVEL = 0;
				GCC_PREPROCESSOR_DEFINITIONS = (
					"DEBUG=1",
					"$(inherited)",
				);
				GCC_WARN_64_TO_32_BIT_CONVERSION = YES;
				GCC_WARN_ABOUT_RETURN_TYPE = YES_ERROR;
				GCC_WARN_UNDECLARED_SELECTOR = YES;
				GCC_WARN_UNINITIALIZED_AUTOS = YES_AGGRESSIVE;
				GCC_WARN_UNUSED_FUNCTION = YES;
				GCC_WARN_UNUSED_VARIABLE = YES;
				IPHONEOS_DEPLOYMENT_TARGET = 16.2;
				MTL_ENABLE_DEBUG_INFO = INCLUDE_SOURCE;
				MTL_FAST_MATH = YES;
				ONLY_ACTIVE_ARCH = YES;
				SDKROOT = iphoneos;
				SWIFT_ACTIVE_COMPILATION_CONDITIONS = DEBUG;
				SWIFT_OPTIMIZATION_LEVEL = "-Onone";
			};
			name = Debug;
		};
		80F44C3B2B2DD171006C7BDB /* Release */ = {
			isa = XCBuildConfiguration;
			buildSettings = {
				ALWAYS_SEARCH_USER_PATHS = NO;
				CLANG_ANALYZER_NONNULL = YES;
				CLANG_ANALYZER_NUMBER_OBJECT_CONVERSION = YES_AGGRESSIVE;
				CLANG_CXX_LANGUAGE_STANDARD = "gnu++20";
				CLANG_ENABLE_MODULES = YES;
				CLANG_ENABLE_OBJC_ARC = YES;
				CLANG_ENABLE_OBJC_WEAK = YES;
				CLANG_WARN_BLOCK_CAPTURE_AUTORELEASING = YES;
				CLANG_WARN_BOOL_CONVERSION = YES;
				CLANG_WARN_COMMA = YES;
				CLANG_WARN_CONSTANT_CONVERSION = YES;
				CLANG_WARN_DEPRECATED_OBJC_IMPLEMENTATIONS = YES;
				CLANG_WARN_DIRECT_OBJC_ISA_USAGE = YES_ERROR;
				CLANG_WARN_DOCUMENTATION_COMMENTS = YES;
				CLANG_WARN_EMPTY_BODY = YES;
				CLANG_WARN_ENUM_CONVERSION = YES;
				CLANG_WARN_INFINITE_RECURSION = YES;
				CLANG_WARN_INT_CONVERSION = YES;
				CLANG_WARN_NON_LITERAL_NULL_CONVERSION = YES;
				CLANG_WARN_OBJC_IMPLICIT_RETAIN_SELF = YES;
				CLANG_WARN_OBJC_LITERAL_CONVERSION = YES;
				CLANG_WARN_OBJC_ROOT_CLASS = YES_ERROR;
				CLANG_WARN_QUOTED_INCLUDE_IN_FRAMEWORK_HEADER = YES;
				CLANG_WARN_RANGE_LOOP_ANALYSIS = YES;
				CLANG_WARN_STRICT_PROTOTYPES = YES;
				CLANG_WARN_SUSPICIOUS_MOVE = YES;
				CLANG_WARN_UNGUARDED_AVAILABILITY = YES_AGGRESSIVE;
				CLANG_WARN_UNREACHABLE_CODE = YES;
				CLANG_WARN__DUPLICATE_METHOD_MATCH = YES;
				COPY_PHASE_STRIP = NO;
				DEBUG_INFORMATION_FORMAT = "dwarf-with-dsym";
				ENABLE_NS_ASSERTIONS = NO;
				ENABLE_STRICT_OBJC_MSGSEND = YES;
				GCC_C_LANGUAGE_STANDARD = gnu11;
				GCC_NO_COMMON_BLOCKS = YES;
				GCC_WARN_64_TO_32_BIT_CONVERSION = YES;
				GCC_WARN_ABOUT_RETURN_TYPE = YES_ERROR;
				GCC_WARN_UNDECLARED_SELECTOR = YES;
				GCC_WARN_UNINITIALIZED_AUTOS = YES_AGGRESSIVE;
				GCC_WARN_UNUSED_FUNCTION = YES;
				GCC_WARN_UNUSED_VARIABLE = YES;
				IPHONEOS_DEPLOYMENT_TARGET = 16.2;
				MTL_ENABLE_DEBUG_INFO = NO;
				MTL_FAST_MATH = YES;
				SDKROOT = iphoneos;
				SWIFT_COMPILATION_MODE = wholemodule;
				SWIFT_OPTIMIZATION_LEVEL = "-O";
				VALIDATE_PRODUCT = YES;
			};
			name = Release;
		};
		80F44C3D2B2DD171006C7BDB /* Debug */ = {
			isa = XCBuildConfiguration;
			buildSettings = {
				ASSETCATALOG_COMPILER_APPICON_NAME = AppIcon;
				ASSETCATALOG_COMPILER_GLOBAL_ACCENT_COLOR_NAME = AccentColor;
				CODE_SIGN_STYLE = Automatic;
				CURRENT_PROJECT_VERSION = 1;
				GENERATE_INFOPLIST_FILE = YES;
				INFOPLIST_FILE = NearBy/Info.plist;
				INFOPLIST_KEY_UIApplicationSupportsIndirectInputEvents = YES;
				INFOPLIST_KEY_UILaunchStoryboardName = LaunchScreen;
				INFOPLIST_KEY_UIMainStoryboardFile = "";
				INFOPLIST_KEY_UISupportedInterfaceOrientations = UIInterfaceOrientationPortrait;
				LD_RUNPATH_SEARCH_PATHS = (
					"$(inherited)",
					"@executable_path/Frameworks",
				);
				MARKETING_VERSION = 1.0;
				PRODUCT_BUNDLE_IDENTIFIER = com.company.NearBy;
				PRODUCT_NAME = "$(TARGET_NAME)";
				SUPPORTED_PLATFORMS = "iphoneos iphonesimulator";
				SUPPORTS_MACCATALYST = NO;
				SUPPORTS_MAC_DESIGNED_FOR_IPHONE_IPAD = NO;
				SWIFT_EMIT_LOC_STRINGS = YES;
				SWIFT_VERSION = 5.0;
				TARGETED_DEVICE_FAMILY = 1;
			};
			name = Debug;
		};
		80F44C3E2B2DD171006C7BDB /* Release */ = {
			isa = XCBuildConfiguration;
			buildSettings = {
				ASSETCATALOG_COMPILER_APPICON_NAME = AppIcon;
				ASSETCATALOG_COMPILER_GLOBAL_ACCENT_COLOR_NAME = AccentColor;
				CODE_SIGN_STYLE = Automatic;
				CURRENT_PROJECT_VERSION = 1;
				GENERATE_INFOPLIST_FILE = YES;
				INFOPLIST_FILE = NearBy/Info.plist;
				INFOPLIST_KEY_UIApplicationSupportsIndirectInputEvents = YES;
				INFOPLIST_KEY_UILaunchStoryboardName = LaunchScreen;
				INFOPLIST_KEY_UIMainStoryboardFile = "";
				INFOPLIST_KEY_UISupportedInterfaceOrientations = UIInterfaceOrientationPortrait;
				LD_RUNPATH_SEARCH_PATHS = (
					"$(inherited)",
					"@executable_path/Frameworks",
				);
				MARKETING_VERSION = 1.0;
				PRODUCT_BUNDLE_IDENTIFIER = com.company.NearBy;
				PRODUCT_NAME = "$(TARGET_NAME)";
				SUPPORTED_PLATFORMS = "iphoneos iphonesimulator";
				SUPPORTS_MACCATALYST = NO;
				SUPPORTS_MAC_DESIGNED_FOR_IPHONE_IPAD = NO;
				SWIFT_EMIT_LOC_STRINGS = YES;
				SWIFT_VERSION = 5.0;
				TARGETED_DEVICE_FAMILY = 1;
			};
			name = Release;
		};
		80F44C402B2DD171006C7BDB /* Debug */ = {
			isa = XCBuildConfiguration;
			buildSettings = {
				ALWAYS_EMBED_SWIFT_STANDARD_LIBRARIES = YES;
				BUNDLE_LOADER = "$(TEST_HOST)";
				CODE_SIGN_STYLE = Automatic;
				CURRENT_PROJECT_VERSION = 1;
				GENERATE_INFOPLIST_FILE = YES;
				IPHONEOS_DEPLOYMENT_TARGET = 16.2;
				MARKETING_VERSION = 1.0;
				PRODUCT_BUNDLE_IDENTIFIER = com.company.NearByTests;
				PRODUCT_NAME = "$(TARGET_NAME)";
				SWIFT_EMIT_LOC_STRINGS = NO;
				SWIFT_VERSION = 5.0;
				TARGETED_DEVICE_FAMILY = "1,2";
				TEST_HOST = "$(BUILT_PRODUCTS_DIR)/NearBy.app/$(BUNDLE_EXECUTABLE_FOLDER_PATH)/NearBy";
			};
			name = Debug;
		};
		80F44C412B2DD171006C7BDB /* Release */ = {
			isa = XCBuildConfiguration;
			buildSettings = {
				ALWAYS_EMBED_SWIFT_STANDARD_LIBRARIES = YES;
				BUNDLE_LOADER = "$(TEST_HOST)";
				CODE_SIGN_STYLE = Automatic;
				CURRENT_PROJECT_VERSION = 1;
				GENERATE_INFOPLIST_FILE = YES;
				IPHONEOS_DEPLOYMENT_TARGET = 16.2;
				MARKETING_VERSION = 1.0;
				PRODUCT_BUNDLE_IDENTIFIER = com.company.NearByTests;
				PRODUCT_NAME = "$(TARGET_NAME)";
				SWIFT_EMIT_LOC_STRINGS = NO;
				SWIFT_VERSION = 5.0;
				TARGETED_DEVICE_FAMILY = "1,2";
				TEST_HOST = "$(BUILT_PRODUCTS_DIR)/NearBy.app/$(BUNDLE_EXECUTABLE_FOLDER_PATH)/NearBy";
			};
			name = Release;
		};
		80F44C432B2DD171006C7BDB /* Debug */ = {
			isa = XCBuildConfiguration;
			buildSettings = {
				ALWAYS_EMBED_SWIFT_STANDARD_LIBRARIES = YES;
				CODE_SIGN_STYLE = Automatic;
				CURRENT_PROJECT_VERSION = 1;
				GENERATE_INFOPLIST_FILE = YES;
				MARKETING_VERSION = 1.0;
				PRODUCT_BUNDLE_IDENTIFIER = com.company.NearByUITests;
				PRODUCT_NAME = "$(TARGET_NAME)";
				SWIFT_EMIT_LOC_STRINGS = NO;
				SWIFT_VERSION = 5.0;
				TARGETED_DEVICE_FAMILY = "1,2";
				TEST_TARGET_NAME = NearBy;
			};
			name = Debug;
		};
		80F44C442B2DD171006C7BDB /* Release */ = {
			isa = XCBuildConfiguration;
			buildSettings = {
				ALWAYS_EMBED_SWIFT_STANDARD_LIBRARIES = YES;
				CODE_SIGN_STYLE = Automatic;
				CURRENT_PROJECT_VERSION = 1;
				GENERATE_INFOPLIST_FILE = YES;
				MARKETING_VERSION = 1.0;
				PRODUCT_BUNDLE_IDENTIFIER = com.company.NearByUITests;
				PRODUCT_NAME = "$(TARGET_NAME)";
				SWIFT_EMIT_LOC_STRINGS = NO;
				SWIFT_VERSION = 5.0;
				TARGETED_DEVICE_FAMILY = "1,2";
				TEST_TARGET_NAME = NearBy;
			};
			name = Release;
		};
/* End XCBuildConfiguration section */

/* Begin XCConfigurationList section */
		80F44C0A2B2DD170006C7BDB /* Build configuration list for PBXProject "NearBy" */ = {
			isa = XCConfigurationList;
			buildConfigurations = (
				80F44C3A2B2DD171006C7BDB /* Debug */,
				80F44C3B2B2DD171006C7BDB /* Release */,
			);
			defaultConfigurationIsVisible = 0;
			defaultConfigurationName = Release;
		};
		80F44C3C2B2DD171006C7BDB /* Build configuration list for PBXNativeTarget "NearBy" */ = {
			isa = XCConfigurationList;
			buildConfigurations = (
				80F44C3D2B2DD171006C7BDB /* Debug */,
				80F44C3E2B2DD171006C7BDB /* Release */,
			);
			defaultConfigurationIsVisible = 0;
			defaultConfigurationName = Release;
		};
		80F44C3F2B2DD171006C7BDB /* Build configuration list for PBXNativeTarget "NearByTests" */ = {
			isa = XCConfigurationList;
			buildConfigurations = (
				80F44C402B2DD171006C7BDB /* Debug */,
				80F44C412B2DD171006C7BDB /* Release */,
			);
			defaultConfigurationIsVisible = 0;
			defaultConfigurationName = Release;
		};
		80F44C422B2DD171006C7BDB /* Build configuration list for PBXNativeTarget "NearByUITests" */ = {
			isa = XCConfigurationList;
			buildConfigurations = (
				80F44C432B2DD171006C7BDB /* Debug */,
				80F44C442B2DD171006C7BDB /* Release */,
			);
			defaultConfigurationIsVisible = 0;
			defaultConfigurationName = Release;
		};
/* End XCConfigurationList section */

/* Begin XCVersionGroup section */
		80F44C1B2B2DD170006C7BDB /* NearBy.xcdatamodeld */ = {
			isa = XCVersionGroup;
			children = (
				80F44C1C2B2DD170006C7BDB /* NearBy.xcdatamodel */,
			);
			currentVersion = 80F44C1C2B2DD170006C7BDB /* NearBy.xcdatamodel */;
			path = NearBy.xcdatamodeld;
			sourceTree = "<group>";
			versionGroupType = wrapper.xcdatamodel;
		};
/* End XCVersionGroup section */
	};
	rootObject = 80F44C072B2DD170006C7BDB /* Project object */;
}
